{
  "originHash" : "daaa95fe894832a5d6966e49b8d0dc14ea5e3ae8fe4c01326c5ff10b999b93c0",
  "pins" : [
    {
      "identity" : "dracoswift",
      "kind" : "remoteSourceControl",
      "location" : "git@github.com:danielgronlund/DracoSwift.git",
      "state" : {
        "revision" : "3f85e64b4e62b070871dfdc1e26c058aaa1de63e",
        "version" : "1.0.0"
      }
    }
  ],
  "version" : 3
}
